
Microsoft Visual Studio Solution File, Format Version 12.00
# Visual Studio Version 17
VisualStudioVersion = 17.8.34511.84
MinimumVisualStudioVersion = 10.0.40219.1
Project("{FAE04EC0-301F-11D3-BF4B-00C04F79EFBC}") = "Задание 3", "Задание 3\Задание 3.csproj", "{1672114D-0FB9-4F86-BB25-AA8AC285EF5A}"
EndProject
Global
	GlobalSection(SolutionConfigurationPlatforms) = preSolution
		Debug|Any CPU = Debug|Any CPU
		Release|Any CPU = Release|Any CPU
	EndGlobalSection
	GlobalSection(ProjectConfigurationPlatforms) = postSolution
		{1672114D-0FB9-4F86-BB25-AA8AC285EF5A}.Debug|Any CPU.ActiveCfg = Debug|Any CPU
		{1672114D-0FB9-4F86-BB25-AA8AC285EF5A}.Debug|Any CPU.Build.0 = Debug|Any CPU
		{1672114D-0FB9-4F86-BB25-AA8AC285EF5A}.Release|Any CPU.ActiveCfg = Release|Any CPU
		{1672114D-0FB9-4F86-BB25-AA8AC285EF5A}.Release|Any CPU.Build.0 = Release|Any CPU
	EndGlobalSection
	GlobalSection(SolutionProperties) = preSolution
		HideSolutionNode = FALSE
	EndGlobalSection
	GlobalSection(ExtensibilityGlobals) = postSolution
		SolutionGuid = {9D3BEB7F-5EA7-4117-8E56-F0E047E85957}
	EndGlobalSection
EndGlobal
